<?xml version="1.0" encoding="utf-8"?>
<Project ToolsVersion="4.0" xmlns="http://schemas.microsoft.com/developer/msbuild/2003">
  <ItemGroup>
    <ClCompile Include="main.cpp">
      <Filter>main</Filter>
    </ClCompile>
    <ClCompile Include="..\Classes\AppDelegate.cpp">
      <Filter>app</Filter>
    </ClCompile>
    <ClCompile Include="..\Classes\Animal.cpp">
      <Filter>works</Filter>
    </ClCompile>
    <ClCompile Include="..\Classes\Crop.cpp">
      <Filter>works</Filter>
    </ClCompile>
    <ClCompile Include="..\Classes\Event.cpp">
      <Filter>works</Filter>
    </ClCompile>
    <ClCompile Include="..\Classes\FarmManager.cpp">
      <Filter>works</Filter>
    </ClCompile>
    <ClCompile Include="..\Classes\NPC.cpp">
      <Filter>works</Filter>
    </ClCompile>
    <ClCompile Include="..\Classes\NPCManager.cpp">
      <Filter>works</Filter>
    </ClCompile>
    <ClCompile Include="..\Classes\NPCRelationship.cpp">
      <Filter>works</Filter>
    </ClCompile>
    <ClCompile Include="..\Classes\NPCTask.cpp">
      <Filter>works</Filter>
    </ClCompile>
    <ClCompile Include="..\Classes\Player.cpp">
      <Filter>works</Filter>
    </ClCompile>
    <ClCompile Include="..\Classes\ResourceManager.cpp">
      <Filter>works</Filter>
    </ClCompile>
    <ClCompile Include="..\Classes\SeasonManager.cpp">
      <Filter>works</Filter>
    </ClCompile>
    <ClCompile Include="..\Classes\BackpackLayer.cpp">
      <Filter>myLayers</Filter>
    </ClCompile>
    <ClCompile Include="..\Classes\BackpackManager.cpp">
      <Filter>myLayers</Filter>
    </ClCompile>
    <ClCompile Include="..\Classes\Item.cpp">
      <Filter>Item work</Filter>
    </ClCompile>
    <ClCompile Include="..\Classes\ItemManager.cpp">
      <Filter>Item work</Filter>
    </ClCompile>
    <ClCompile Include="..\Classes\HelloWorldScene.cpp">
      <Filter>Scenes</Filter>
    </ClCompile>
    <ClCompile Include="..\Classes\MainMap.cpp">
      <Filter>Scenes</Filter>
    </ClCompile>
    <ClCompile Include="..\Classes\Cave.cpp">
      <Filter>Scenes</Filter>
    </ClCompile>
    <ClCompile Include="..\Classes\AuthorListScene.cpp">
      <Filter>Scenes</Filter>
    </ClCompile>
    <ClCompile Include="..\Classes\ShopLayer.cpp">
      <Filter>myLayers</Filter>
    </ClCompile>
    <ClCompile Include="..\Classes\ShopManager.cpp">
      <Filter>myLayers</Filter>
    </ClCompile>
  </ItemGroup>
  <ItemGroup>
    <ClInclude Include="main.h">
      <Filter>main</Filter>
    </ClInclude>
    <ClInclude Include="..\Classes\AppDelegate.h">
      <Filter>app</Filter>
    </ClInclude>
    <ClInclude Include="..\Classes\Animal.h">
      <Filter>works</Filter>
    </ClInclude>
    <ClInclude Include="..\Classes\Crop.h">
      <Filter>works</Filter>
    </ClInclude>
    <ClInclude Include="..\Classes\Event.h">
      <Filter>works</Filter>
    </ClInclude>
    <ClInclude Include="..\Classes\FarmManager.h">
      <Filter>works</Filter>
    </ClInclude>
    <ClInclude Include="..\Classes\NPC.h">
      <Filter>works</Filter>
    </ClInclude>
    <ClInclude Include="..\Classes\NPCManager.h">
      <Filter>works</Filter>
    </ClInclude>
    <ClInclude Include="..\Classes\NPCRelationship.h">
      <Filter>works</Filter>
    </ClInclude>
    <ClInclude Include="..\Classes\NPCTask.h">
      <Filter>works</Filter>
    </ClInclude>
    <ClInclude Include="..\Classes\Player.h">
      <Filter>works</Filter>
    </ClInclude>
    <ClInclude Include="..\Classes\ResourceManager.h">
      <Filter>works</Filter>
    </ClInclude>
    <ClInclude Include="..\Classes\SeasonManager.h">
      <Filter>works</Filter>
    </ClInclude>
    <ClInclude Include="..\Classes\BackpackLayer.h">
      <Filter>myLayers</Filter>
    </ClInclude>
    <ClInclude Include="..\Classes\BackpackManager.h">
      <Filter>myLayers</Filter>
    </ClInclude>
    <ClInclude Include="..\Classes\Item.h">
      <Filter>Item work</Filter>
    </ClInclude>
    <ClInclude Include="..\Classes\ItemManager.h">
      <Filter>Item work</Filter>
    </ClInclude>
    <ClInclude Include="..\Classes\HelloWorldScene.h">
      <Filter>Scenes</Filter>
    </ClInclude>
    <ClInclude Include="..\Classes\MainMap.h">
      <Filter>Scenes</Filter>
    </ClInclude>
    <ClInclude Include="..\Classes\Cave.h">
      <Filter>Scenes</Filter>
    </ClInclude>
    <ClInclude Include="..\Classes\AuthorListScene.h">
      <Filter>Scenes</Filter>
    </ClInclude>
    <ClInclude Include="..\Classes\ShopLayer.h">
      <Filter>myLayers</Filter>
    </ClInclude>
    <ClInclude Include="..\Classes\ShopManager.h">
      <Filter>myLayers</Filter>
    </ClInclude>
  </ItemGroup>
  <ItemGroup>
    <Filter Include="main">
      <UniqueIdentifier>{8855feaa-c03a-41c4-a636-c4db06673939}</UniqueIdentifier>
    </Filter>
    <Filter Include="app">
      <UniqueIdentifier>{e15123cf-3b3e-45f8-8abc-1aa0aef345ff}</UniqueIdentifier>
    </Filter>
    <Filter Include="works">
      <UniqueIdentifier>{653b5932-43f8-45cb-bee1-46f1f122f58b}</UniqueIdentifier>
    </Filter>
    <Filter Include="myLayers">
      <UniqueIdentifier>{aabc4a83-cc94-4d40-aa86-97e63666682e}</UniqueIdentifier>
    </Filter>
    <Filter Include="Item work">
      <UniqueIdentifier>{6194fa75-bdeb-4f30-8d61-3516b8b99290}</UniqueIdentifier>
    </Filter>
    <Filter Include="Scenes">
      <UniqueIdentifier>{036efc9e-a3d6-4559-8796-c55d73b349d9}</UniqueIdentifier>
    </Filter>
  </ItemGroup>
  <ItemGroup>
    <ResourceCompile Include="game.rc">
      <Filter>works</Filter>
    </ResourceCompile>
  </ItemGroup>
</Project>